
Microsoft Visual Studio Solution File, Format Version 12.00
# Visual Studio Version 17
VisualStudioVersion = 17.8.34408.163
MinimumVisualStudioVersion = 10.0.40219.1
Project("{2150E333-8FDC-42A3-9474-1A3956D46DE8}") = "Solution Items", "Solution Items", "{16BE88BA-ED8B-4CEE-8A6B-71D4ADB87FCC}"
	ProjectSection(SolutionItems) = preProject
		Directory.Solution.targets = Directory.Solution.targets
		NuGet.config = NuGet.config
	EndProjectSection
EndProject
Project("{FAE04EC0-301F-11D3-BF4B-00C04F79EFBC}") = "MyPackage", "MyPackage\MyPackage.csproj", "{A1838892-B752-46CE-83DB-256ABFD0B947}"
EndProject
Project("{9A19103F-16F7-4668-BE54-9A1E7A4F7556}") = "UseMyPackage", "UseMyPackage\UseMyPackage.csproj", "{D67BE58A-A4F4-4A35-B070-0425664E182F}"
EndProject
Project("{9A19103F-16F7-4668-BE54-9A1E7A4F7556}") = "Tool", "Tool\Tool.csproj", "{ACBE66B7-9155-4B67-95A3-5D7968BDBABD}"
EndProject
Project("{FAE04EC0-301F-11D3-BF4B-00C04F79EFBC}") = "ToolLibrary", "ToolLibrary\ToolLibrary.csproj", "{588DEF54-5746-4655-8954-CA7B9DDA0FD7}"
EndProject
Project("{FAE04EC0-301F-11D3-BF4B-00C04F79EFBC}") = "ToolLibrary.Abstractions", "ToolLibrary.Abstractions\ToolLibrary.Abstractions.csproj", "{5878FA7E-A244-4CB4-AD1E-C3AE678C6257}"
EndProject
Global
	GlobalSection(SolutionConfigurationPlatforms) = preSolution
		Debug|Any CPU = Debug|Any CPU
		Release|Any CPU = Release|Any CPU
	EndGlobalSection
	GlobalSection(ProjectConfigurationPlatforms) = postSolution
		{A1838892-B752-46CE-83DB-256ABFD0B947}.Debug|Any CPU.ActiveCfg = Debug|Any CPU
		{A1838892-B752-46CE-83DB-256ABFD0B947}.Debug|Any CPU.Build.0 = Debug|Any CPU
		{A1838892-B752-46CE-83DB-256ABFD0B947}.Release|Any CPU.ActiveCfg = Release|Any CPU
		{A1838892-B752-46CE-83DB-256ABFD0B947}.Release|Any CPU.Build.0 = Release|Any CPU
		{D67BE58A-A4F4-4A35-B070-0425664E182F}.Debug|Any CPU.ActiveCfg = Debug|Any CPU
		{D67BE58A-A4F4-4A35-B070-0425664E182F}.Debug|Any CPU.Build.0 = Debug|Any CPU
		{D67BE58A-A4F4-4A35-B070-0425664E182F}.Release|Any CPU.ActiveCfg = Release|Any CPU
		{D67BE58A-A4F4-4A35-B070-0425664E182F}.Release|Any CPU.Build.0 = Release|Any CPU
		{ACBE66B7-9155-4B67-95A3-5D7968BDBABD}.Debug|Any CPU.ActiveCfg = Debug|Any CPU
		{ACBE66B7-9155-4B67-95A3-5D7968BDBABD}.Debug|Any CPU.Build.0 = Debug|Any CPU
		{ACBE66B7-9155-4B67-95A3-5D7968BDBABD}.Release|Any CPU.ActiveCfg = Release|Any CPU
		{ACBE66B7-9155-4B67-95A3-5D7968BDBABD}.Release|Any CPU.Build.0 = Release|Any CPU
		{588DEF54-5746-4655-8954-CA7B9DDA0FD7}.Debug|Any CPU.ActiveCfg = Debug|Any CPU
		{588DEF54-5746-4655-8954-CA7B9DDA0FD7}.Debug|Any CPU.Build.0 = Debug|Any CPU
		{588DEF54-5746-4655-8954-CA7B9DDA0FD7}.Release|Any CPU.ActiveCfg = Release|Any CPU
		{588DEF54-5746-4655-8954-CA7B9DDA0FD7}.Release|Any CPU.Build.0 = Release|Any CPU
		{5878FA7E-A244-4CB4-AD1E-C3AE678C6257}.Debug|Any CPU.ActiveCfg = Debug|Any CPU
		{5878FA7E-A244-4CB4-AD1E-C3AE678C6257}.Debug|Any CPU.Build.0 = Debug|Any CPU
		{5878FA7E-A244-4CB4-AD1E-C3AE678C6257}.Release|Any CPU.ActiveCfg = Release|Any CPU
		{5878FA7E-A244-4CB4-AD1E-C3AE678C6257}.Release|Any CPU.Build.0 = Release|Any CPU
	EndGlobalSection
	GlobalSection(SolutionProperties) = preSolution
		HideSolutionNode = FALSE
	EndGlobalSection
	GlobalSection(ExtensibilityGlobals) = postSolution
		SolutionGuid = {9DDE2506-ACF3-4BAC-874B-11E8EB1B019F}
	EndGlobalSection
EndGlobal
